
Microsoft Visual Studio Solution File, Format Version 12.00
# Visual Studio 15
VisualStudioVersion = 15.0.26730.16
MinimumVisualStudioVersion = 10.0.40219.1
Project("{FAE04EC0-301F-11D3-BF4B-00C04F79EFBC}") = "1.ChooseDrink", "ChooseDrink\1.ChooseDrink.csproj", "{B27729CB-447D-4075-B547-D3130B6BD110}"
EndProject
Project("{FAE04EC0-301F-11D3-BF4B-00C04F79EFBC}") = "2.ChooseDrinkV2", "ChooseDrinkV2\2.ChooseDrinkV2.csproj", "{BF3D85E6-70A8-4312-9E3D-DBBA97BC49F7}"
EndProject
Project("{FAE04EC0-301F-11D3-BF4B-00C04F79EFBC}") = "3.RestaurantDiscout", "3.RestaurantDiscout\3.RestaurantDiscout.csproj", "{B390E322-39D1-42CB-A99F-49301A0BAE77}"
EndProject
Project("{FAE04EC0-301F-11D3-BF4B-00C04F79EFBC}") = "4.Hotel", "4.Hotel\4.Hotel.csproj", "{5826646F-8C92-4714-851E-4E0163A7FB91}"
EndProject
Project("{FAE04EC0-301F-11D3-BF4B-00C04F79EFBC}") = "5.WordInPlural", "WordInPlural\5.WordInPlural.csproj", "{E721F95F-FD5D-46BF-A34B-7AA5510BD910}"
EndProject
Project("{FAE04EC0-301F-11D3-BF4B-00C04F79EFBC}") = "6.IntervalOfNumbers", "6.IntervalOfNumbers\6.IntervalOfNumbers.csproj", "{8694DDBD-96D4-49CA-A63A-74AB1A01F05E}"
EndProject
Project("{FAE04EC0-301F-11D3-BF4B-00C04F79EFBC}") = "7.CakeIngredients", "7.CakeIngredients\7.CakeIngredients.csproj", "{68962140-B828-428F-B8AA-F82378C78F71}"
EndProject
Project("{FAE04EC0-301F-11D3-BF4B-00C04F79EFBC}") = "8.CaloriesCounter", "8.CaloriesCounter\8.CaloriesCounter.csproj", "{8D9621D7-E275-42CF-8009-00DD21D61AB0}"
EndProject
Project("{FAE04EC0-301F-11D3-BF4B-00C04F79EFBC}") = "9.CountOfIntegers", "CountOfIntegers\9.CountOfIntegers.csproj", "{40C25ADC-B867-4FEC-A8BD-40582A8F6099}"
EndProject
Project("{FAE04EC0-301F-11D3-BF4B-00C04F79EFBC}") = "10.TriangleOfNumbers", "10.TriangleOfNumbers\10.TriangleOfNumbers.csproj", "{B3744C93-F239-413C-9AAA-9E69C17A1BCC}"
EndProject
Project("{FAE04EC0-301F-11D3-BF4B-00C04F79EFBC}") = "11.FiveDifferentNumbers", "11.FiveDifferentNumbers\11.FiveDifferentNumbers.csproj", "{EDDD23D3-5143-4412-A4D2-38AE0234F0C6}"
EndProject
Project("{FAE04EC0-301F-11D3-BF4B-00C04F79EFBC}") = "12.TestNumbers", "12.TestNumbers\12.TestNumbers.csproj", "{2B20DBF6-3C7F-4AF7-B448-9515B01608E3}"
EndProject
Project("{FAE04EC0-301F-11D3-BF4B-00C04F79EFBC}") = "13.GameOfNUmbers", "13.GameOfNUmbers\13.GameOfNUmbers.csproj", "{83568CDD-871D-45D2-8AA9-47F46DEE177F}"
EndProject
Project("{FAE04EC0-301F-11D3-BF4B-00C04F79EFBC}") = "14.MagicLetter", "14.MagicLetter\14.MagicLetter.csproj", "{9C1EF648-38C4-4710-81E2-64A634BBBFD5}"
EndProject
Project("{FAE04EC0-301F-11D3-BF4B-00C04F79EFBC}") = "15.NeighbourWar", "15.NeighbourWar\15.NeighbourWar.csproj", "{426EC316-27A1-44D4-B0EA-E03BBD12AFFC}"
EndProject
Global
	GlobalSection(SolutionConfigurationPlatforms) = preSolution
		Debug|Any CPU = Debug|Any CPU
		Release|Any CPU = Release|Any CPU
	EndGlobalSection
	GlobalSection(ProjectConfigurationPlatforms) = postSolution
		{B27729CB-447D-4075-B547-D3130B6BD110}.Debug|Any CPU.ActiveCfg = Debug|Any CPU
		{B27729CB-447D-4075-B547-D3130B6BD110}.Debug|Any CPU.Build.0 = Debug|Any CPU
		{B27729CB-447D-4075-B547-D3130B6BD110}.Release|Any CPU.ActiveCfg = Release|Any CPU
		{B27729CB-447D-4075-B547-D3130B6BD110}.Release|Any CPU.Build.0 = Release|Any CPU
		{BF3D85E6-70A8-4312-9E3D-DBBA97BC49F7}.Debug|Any CPU.ActiveCfg = Debug|Any CPU
		{BF3D85E6-70A8-4312-9E3D-DBBA97BC49F7}.Debug|Any CPU.Build.0 = Debug|Any CPU
		{BF3D85E6-70A8-4312-9E3D-DBBA97BC49F7}.Release|Any CPU.ActiveCfg = Release|Any CPU
		{BF3D85E6-70A8-4312-9E3D-DBBA97BC49F7}.Release|Any CPU.Build.0 = Release|Any CPU
		{B390E322-39D1-42CB-A99F-49301A0BAE77}.Debug|Any CPU.ActiveCfg = Debug|Any CPU
		{B390E322-39D1-42CB-A99F-49301A0BAE77}.Debug|Any CPU.Build.0 = Debug|Any CPU
		{B390E322-39D1-42CB-A99F-49301A0BAE77}.Release|Any CPU.ActiveCfg = Release|Any CPU
		{B390E322-39D1-42CB-A99F-49301A0BAE77}.Release|Any CPU.Build.0 = Release|Any CPU
		{5826646F-8C92-4714-851E-4E0163A7FB91}.Debug|Any CPU.ActiveCfg = Debug|Any CPU
		{5826646F-8C92-4714-851E-4E0163A7FB91}.Debug|Any CPU.Build.0 = Debug|Any CPU
		{5826646F-8C92-4714-851E-4E0163A7FB91}.Release|Any CPU.ActiveCfg = Release|Any CPU
		{5826646F-8C92-4714-851E-4E0163A7FB91}.Release|Any CPU.Build.0 = Release|Any CPU
		{E721F95F-FD5D-46BF-A34B-7AA5510BD910}.Debug|Any CPU.ActiveCfg = Debug|Any CPU
		{E721F95F-FD5D-46BF-A34B-7AA5510BD910}.Debug|Any CPU.Build.0 = Debug|Any CPU
		{E721F95F-FD5D-46BF-A34B-7AA5510BD910}.Release|Any CPU.ActiveCfg = Release|Any CPU
		{E721F95F-FD5D-46BF-A34B-7AA5510BD910}.Release|Any CPU.Build.0 = Release|Any CPU
		{8694DDBD-96D4-49CA-A63A-74AB1A01F05E}.Debug|Any CPU.ActiveCfg = Debug|Any CPU
		{8694DDBD-96D4-49CA-A63A-74AB1A01F05E}.Debug|Any CPU.Build.0 = Debug|Any CPU
		{8694DDBD-96D4-49CA-A63A-74AB1A01F05E}.Release|Any CPU.ActiveCfg = Release|Any CPU
		{8694DDBD-96D4-49CA-A63A-74AB1A01F05E}.Release|Any CPU.Build.0 = Release|Any CPU
		{68962140-B828-428F-B8AA-F82378C78F71}.Debug|Any CPU.ActiveCfg = Debug|Any CPU
		{68962140-B828-428F-B8AA-F82378C78F71}.Debug|Any CPU.Build.0 = Debug|Any CPU
		{68962140-B828-428F-B8AA-F82378C78F71}.Release|Any CPU.ActiveCfg = Release|Any CPU
		{68962140-B828-428F-B8AA-F82378C78F71}.Release|Any CPU.Build.0 = Release|Any CPU
		{8D9621D7-E275-42CF-8009-00DD21D61AB0}.Debug|Any CPU.ActiveCfg = Debug|Any CPU
		{8D9621D7-E275-42CF-8009-00DD21D61AB0}.Debug|Any CPU.Build.0 = Debug|Any CPU
		{8D9621D7-E275-42CF-8009-00DD21D61AB0}.Release|Any CPU.ActiveCfg = Release|Any CPU
		{8D9621D7-E275-42CF-8009-00DD21D61AB0}.Release|Any CPU.Build.0 = Release|Any CPU
		{40C25ADC-B867-4FEC-A8BD-40582A8F6099}.Debug|Any CPU.ActiveCfg = Debug|Any CPU
		{40C25ADC-B867-4FEC-A8BD-40582A8F6099}.Debug|Any CPU.Build.0 = Debug|Any CPU
		{40C25ADC-B867-4FEC-A8BD-40582A8F6099}.Release|Any CPU.ActiveCfg = Release|Any CPU
		{40C25ADC-B867-4FEC-A8BD-40582A8F6099}.Release|Any CPU.Build.0 = Release|Any CPU
		{B3744C93-F239-413C-9AAA-9E69C17A1BCC}.Debug|Any CPU.ActiveCfg = Debug|Any CPU
		{B3744C93-F239-413C-9AAA-9E69C17A1BCC}.Debug|Any CPU.Build.0 = Debug|Any CPU
		{B3744C93-F239-413C-9AAA-9E69C17A1BCC}.Release|Any CPU.ActiveCfg = Release|Any CPU
		{B3744C93-F239-413C-9AAA-9E69C17A1BCC}.Release|Any CPU.Build.0 = Release|Any CPU
		{EDDD23D3-5143-4412-A4D2-38AE0234F0C6}.Debug|Any CPU.ActiveCfg = Debug|Any CPU
		{EDDD23D3-5143-4412-A4D2-38AE0234F0C6}.Debug|Any CPU.Build.0 = Debug|Any CPU
		{EDDD23D3-5143-4412-A4D2-38AE0234F0C6}.Release|Any CPU.ActiveCfg = Release|Any CPU
		{EDDD23D3-5143-4412-A4D2-38AE0234F0C6}.Release|Any CPU.Build.0 = Release|Any CPU
		{2B20DBF6-3C7F-4AF7-B448-9515B01608E3}.Debug|Any CPU.ActiveCfg = Debug|Any CPU
		{2B20DBF6-3C7F-4AF7-B448-9515B01608E3}.Debug|Any CPU.Build.0 = Debug|Any CPU
		{2B20DBF6-3C7F-4AF7-B448-9515B01608E3}.Release|Any CPU.ActiveCfg = Release|Any CPU
		{2B20DBF6-3C7F-4AF7-B448-9515B01608E3}.Release|Any CPU.Build.0 = Release|Any CPU
		{83568CDD-871D-45D2-8AA9-47F46DEE177F}.Debug|Any CPU.ActiveCfg = Debug|Any CPU
		{83568CDD-871D-45D2-8AA9-47F46DEE177F}.Debug|Any CPU.Build.0 = Debug|Any CPU
		{83568CDD-871D-45D2-8AA9-47F46DEE177F}.Release|Any CPU.ActiveCfg = Release|Any CPU
		{83568CDD-871D-45D2-8AA9-47F46DEE177F}.Release|Any CPU.Build.0 = Release|Any CPU
		{9C1EF648-38C4-4710-81E2-64A634BBBFD5}.Debug|Any CPU.ActiveCfg = Debug|Any CPU
		{9C1EF648-38C4-4710-81E2-64A634BBBFD5}.Debug|Any CPU.Build.0 = Debug|Any CPU
		{9C1EF648-38C4-4710-81E2-64A634BBBFD5}.Release|Any CPU.ActiveCfg = Release|Any CPU
		{9C1EF648-38C4-4710-81E2-64A634BBBFD5}.Release|Any CPU.Build.0 = Release|Any CPU
		{426EC316-27A1-44D4-B0EA-E03BBD12AFFC}.Debug|Any CPU.ActiveCfg = Debug|Any CPU
		{426EC316-27A1-44D4-B0EA-E03BBD12AFFC}.Debug|Any CPU.Build.0 = Debug|Any CPU
		{426EC316-27A1-44D4-B0EA-E03BBD12AFFC}.Release|Any CPU.ActiveCfg = Release|Any CPU
		{426EC316-27A1-44D4-B0EA-E03BBD12AFFC}.Release|Any CPU.Build.0 = Release|Any CPU
	EndGlobalSection
	GlobalSection(SolutionProperties) = preSolution
		HideSolutionNode = FALSE
	EndGlobalSection
	GlobalSection(ExtensibilityGlobals) = postSolution
		SolutionGuid = {75B76C60-C9E2-41FC-BFA2-E16076A53B49}
	EndGlobalSection
EndGlobal
