
Microsoft Visual Studio Solution File, Format Version 12.00
# Visual Studio 15
VisualStudioVersion = 15.0.26730.16
MinimumVisualStudioVersion = 10.0.40219.1
Project("{FAE04EC0-301F-11D3-BF4B-00C04F79EFBC}") = "01.XFigureDraw", "01.XFigureDraw\01.XFigureDraw.csproj", "{2F99FD98-92DD-41FD-80D8-1E5156D38F29}"
EndProject
Project("{FAE04EC0-301F-11D3-BF4B-00C04F79EFBC}") = "02.VaporStore", "02.VaporStore\02.VaporStore.csproj", "{A0AA7393-CCE0-4A85-A40E-2634DBD4E3F1}"
EndProject
Project("{FAE04EC0-301F-11D3-BF4B-00C04F79EFBC}") = "03.MegaPixels", "03.MegaPixels\03.MegaPixels.csproj", "{01182C7A-EA80-4724-878D-28B3EEF88BBD}"
EndProject
Project("{FAE04EC0-301F-11D3-BF4B-00C04F79EFBC}") = "04.PhotoGallery", "04.PhotoGallery\04.PhotoGallery.csproj", "{2AAC97ED-7960-46F7-86DE-16967CAADF6B}"
EndProject
Project("{FAE04EC0-301F-11D3-BF4B-00C04F79EFBC}") = "05.BMP", "05.BMP\05.BMP.csproj", "{18495442-413C-4884-8457-DF0B0092B082}"
EndProject
Project("{FAE04EC0-301F-11D3-BF4B-00C04F79EFBC}") = "06.DNASequences", "06.DNASequences\06.DNASequences.csproj", "{5B7C92D2-8543-41EE-9E92-84E74BA95843}"
EndProject
Project("{FAE04EC0-301F-11D3-BF4B-00C04F79EFBC}") = "07.TrainnigHallEquipment", "07.TrainnigHallEquipment\07.TrainnigHallEquipment.csproj", "{367E0D60-62F8-465F-8EFF-DD6AB3EB8699}"
EndProject
Project("{FAE04EC0-301F-11D3-BF4B-00C04F79EFBC}") = "08.SMSTyping", "08.SMSTyping\08.SMSTyping.csproj", "{93AD4173-F735-447D-807F-1C688147DE81}"
EndProject
Global
	GlobalSection(SolutionConfigurationPlatforms) = preSolution
		Debug|Any CPU = Debug|Any CPU
		Release|Any CPU = Release|Any CPU
	EndGlobalSection
	GlobalSection(ProjectConfigurationPlatforms) = postSolution
		{2F99FD98-92DD-41FD-80D8-1E5156D38F29}.Debug|Any CPU.ActiveCfg = Debug|Any CPU
		{2F99FD98-92DD-41FD-80D8-1E5156D38F29}.Debug|Any CPU.Build.0 = Debug|Any CPU
		{2F99FD98-92DD-41FD-80D8-1E5156D38F29}.Release|Any CPU.ActiveCfg = Release|Any CPU
		{2F99FD98-92DD-41FD-80D8-1E5156D38F29}.Release|Any CPU.Build.0 = Release|Any CPU
		{A0AA7393-CCE0-4A85-A40E-2634DBD4E3F1}.Debug|Any CPU.ActiveCfg = Debug|Any CPU
		{A0AA7393-CCE0-4A85-A40E-2634DBD4E3F1}.Debug|Any CPU.Build.0 = Debug|Any CPU
		{A0AA7393-CCE0-4A85-A40E-2634DBD4E3F1}.Release|Any CPU.ActiveCfg = Release|Any CPU
		{A0AA7393-CCE0-4A85-A40E-2634DBD4E3F1}.Release|Any CPU.Build.0 = Release|Any CPU
		{01182C7A-EA80-4724-878D-28B3EEF88BBD}.Debug|Any CPU.ActiveCfg = Debug|Any CPU
		{01182C7A-EA80-4724-878D-28B3EEF88BBD}.Debug|Any CPU.Build.0 = Debug|Any CPU
		{01182C7A-EA80-4724-878D-28B3EEF88BBD}.Release|Any CPU.ActiveCfg = Release|Any CPU
		{01182C7A-EA80-4724-878D-28B3EEF88BBD}.Release|Any CPU.Build.0 = Release|Any CPU
		{2AAC97ED-7960-46F7-86DE-16967CAADF6B}.Debug|Any CPU.ActiveCfg = Debug|Any CPU
		{2AAC97ED-7960-46F7-86DE-16967CAADF6B}.Debug|Any CPU.Build.0 = Debug|Any CPU
		{2AAC97ED-7960-46F7-86DE-16967CAADF6B}.Release|Any CPU.ActiveCfg = Release|Any CPU
		{2AAC97ED-7960-46F7-86DE-16967CAADF6B}.Release|Any CPU.Build.0 = Release|Any CPU
		{18495442-413C-4884-8457-DF0B0092B082}.Debug|Any CPU.ActiveCfg = Debug|Any CPU
		{18495442-413C-4884-8457-DF0B0092B082}.Debug|Any CPU.Build.0 = Debug|Any CPU
		{18495442-413C-4884-8457-DF0B0092B082}.Release|Any CPU.ActiveCfg = Release|Any CPU
		{18495442-413C-4884-8457-DF0B0092B082}.Release|Any CPU.Build.0 = Release|Any CPU
		{5B7C92D2-8543-41EE-9E92-84E74BA95843}.Debug|Any CPU.ActiveCfg = Debug|Any CPU
		{5B7C92D2-8543-41EE-9E92-84E74BA95843}.Debug|Any CPU.Build.0 = Debug|Any CPU
		{5B7C92D2-8543-41EE-9E92-84E74BA95843}.Release|Any CPU.ActiveCfg = Release|Any CPU
		{5B7C92D2-8543-41EE-9E92-84E74BA95843}.Release|Any CPU.Build.0 = Release|Any CPU
		{367E0D60-62F8-465F-8EFF-DD6AB3EB8699}.Debug|Any CPU.ActiveCfg = Debug|Any CPU
		{367E0D60-62F8-465F-8EFF-DD6AB3EB8699}.Debug|Any CPU.Build.0 = Debug|Any CPU
		{367E0D60-62F8-465F-8EFF-DD6AB3EB8699}.Release|Any CPU.ActiveCfg = Release|Any CPU
		{367E0D60-62F8-465F-8EFF-DD6AB3EB8699}.Release|Any CPU.Build.0 = Release|Any CPU
		{93AD4173-F735-447D-807F-1C688147DE81}.Debug|Any CPU.ActiveCfg = Debug|Any CPU
		{93AD4173-F735-447D-807F-1C688147DE81}.Debug|Any CPU.Build.0 = Debug|Any CPU
		{93AD4173-F735-447D-807F-1C688147DE81}.Release|Any CPU.ActiveCfg = Release|Any CPU
		{93AD4173-F735-447D-807F-1C688147DE81}.Release|Any CPU.Build.0 = Release|Any CPU
	EndGlobalSection
	GlobalSection(SolutionProperties) = preSolution
		HideSolutionNode = FALSE
	EndGlobalSection
	GlobalSection(ExtensibilityGlobals) = postSolution
		SolutionGuid = {2016474B-6553-4BD5-8B82-E203A33FB337}
	EndGlobalSection
EndGlobal
